{
  "name": "trollsmile-admin-house",
  "version": "1.0.0",
  "lockfileVersion": 2,
  "requires": true,
  "packages": {
    "": {
      "version": "1.0.0",
      "license": "ISC",
      "dependencies": {
        "@rbxts/trollsmile": "^7.0.2"
      },
      "devDependencies": {
        "@rbxts/compiler-types": "^1.0.0-types.0",
        "@rbxts/types": "^1.0.459"
      }
    },
    "node_modules/@rbxts/chat-service": {
      "version": "1.0.2",
      "resolved": "https://registry.npmjs.org/@rbxts/chat-service/-/chat-service-1.0.2.tgz",
      "integrity": "sha512-FVMSUaUoxu7EIMd73nODzpZnn4VEbmleeAvZs5RHexX++M2lgc4oanqd8Bl/f5xXkZtJo27xjHMpwG2nfcRnoQ=="
    },
    "node_modules/@rbxts/compiler-types": {
      "version": "1.0.0-types.0",
      "resolved": "https://registry.npmjs.org/@rbxts/compiler-types/-/compiler-types-1.0.0-types.0.tgz",
      "integrity": "sha512-DMYByLmapF5T04l1Jmg71BZNmR8sFhDt/aq9aV9X8JjnQimnCCBFK+FzdHh9Nx40D/o+k9vYn5aS58g8kISlYQ=="
    },
    "node_modules/@rbxts/roact": {
      "version": "1.3.0-ts.10",
      "resolved": "https://registry.npmjs.org/@rbxts/roact/-/roact-1.3.0-ts.10.tgz",
      "integrity": "sha512-hLrSMsbFtfjzN+G2IYXYzzoJrmrk2CrszpmcrwCQhcZhlwbQXpZNaN55NSpde6B1QGuW6MoS5Q7Q/PAouNOGKQ=="
    },
    "node_modules/@rbxts/string-utils": {
      "version": "1.0.2",
      "resolved": "https://registry.npmjs.org/@rbxts/string-utils/-/string-utils-1.0.2.tgz",
      "integrity": "sha512-EPeawGXx19foic3HdZ25BNsOd8bSiprzqERvX5llPOnyi4x1fzelL/O1JDslK7GX9iZnIEZNwOpx0B2IKKNmaw=="
    },
    "node_modules/@rbxts/trollsmile": {
      "version": "7.0.2",
      "resolved": "https://registry.npmjs.org/@rbxts/trollsmile/-/trollsmile-7.0.2.tgz",
      "integrity": "sha512-97sGD7xYmwb80Z0vCl8hjFZm7JkvccR0DbGP1tFiWwE1Sc0G+0cnF7Vk7bTmQCpdIUcUxO8TcdofD1VXj6oBSA==",
      "dependencies": {
        "@rbxts/chat-service": "^1.0.2",
        "@rbxts/compiler-types": "^1.0.0-types.0",
        "@rbxts/roact": "^1.3.0-ts.10",
        "@rbxts/string-utils": "^1.0.1",
        "@rbxts/types": "^1.0.459"
      }
    },
    "node_modules/@rbxts/types": {
      "version": "1.0.459",
      "resolved": "https://registry.npmjs.org/@rbxts/types/-/types-1.0.459.tgz",
      "integrity": "sha512-thmXG4h39LBDutR7cJHWy2NLsq6jaq/l6ItcRTKfewnPxFybjw83MR7tjSB9WyJKw457njgsOu25Rj1NtxZ/SQ=="
    }
  },
  "dependencies": {
    "@rbxts/chat-service": {
      "version": "1.0.2",
      "resolved": "https://registry.npmjs.org/@rbxts/chat-service/-/chat-service-1.0.2.tgz",
      "integrity": "sha512-FVMSUaUoxu7EIMd73nODzpZnn4VEbmleeAvZs5RHexX++M2lgc4oanqd8Bl/f5xXkZtJo27xjHMpwG2nfcRnoQ=="
    },
    "@rbxts/compiler-types": {
      "version": "1.0.0-types.0",
      "resolved": "https://registry.npmjs.org/@rbxts/compiler-types/-/compiler-types-1.0.0-types.0.tgz",
      "integrity": "sha512-DMYByLmapF5T04l1Jmg71BZNmR8sFhDt/aq9aV9X8JjnQimnCCBFK+FzdHh9Nx40D/o+k9vYn5aS58g8kISlYQ=="
    },
    "@rbxts/roact": {
      "version": "1.3.0-ts.10",
      "resolved": "https://registry.npmjs.org/@rbxts/roact/-/roact-1.3.0-ts.10.tgz",
      "integrity": "sha512-hLrSMsbFtfjzN+G2IYXYzzoJrmrk2CrszpmcrwCQhcZhlwbQXpZNaN55NSpde6B1QGuW6MoS5Q7Q/PAouNOGKQ=="
    },
    "@rbxts/string-utils": {
      "version": "1.0.2",
      "resolved": "https://registry.npmjs.org/@rbxts/string-utils/-/string-utils-1.0.2.tgz",
      "integrity": "sha512-EPeawGXx19foic3HdZ25BNsOd8bSiprzqERvX5llPOnyi4x1fzelL/O1JDslK7GX9iZnIEZNwOpx0B2IKKNmaw=="
    },
    "@rbxts/trollsmile": {
      "version": "7.0.2",
      "resolved": "https://registry.npmjs.org/@rbxts/trollsmile/-/trollsmile-7.0.2.tgz",
      "integrity": "sha512-97sGD7xYmwb80Z0vCl8hjFZm7JkvccR0DbGP1tFiWwE1Sc0G+0cnF7Vk7bTmQCpdIUcUxO8TcdofD1VXj6oBSA==",
      "requires": {
        "@rbxts/chat-service": "^1.0.2",
        "@rbxts/compiler-types": "^1.0.0-types.0",
        "@rbxts/roact": "^1.3.0-ts.10",
        "@rbxts/string-utils": "^1.0.1",
        "@rbxts/types": "^1.0.459"
      }
    },
    "@rbxts/types": {
      "version": "1.0.459",
      "resolved": "https://registry.npmjs.org/@rbxts/types/-/types-1.0.459.tgz",
      "integrity": "sha512-thmXG4h39LBDutR7cJHWy2NLsq6jaq/l6ItcRTKfewnPxFybjw83MR7tjSB9WyJKw457njgsOu25Rj1NtxZ/SQ=="
    }
  }
}
